{
  "name": "hamlet",
  "lockfileVersion": 2,
  "requires": true,
  "packages": {
    "": {
      "dependencies": {
        "hamlet": "^0.3.3"
      }
    },
    "node_modules/hamlet": {
      "version": "0.3.3",
      "resolved": "https://registry.npmjs.org/hamlet/-/hamlet-0.3.3.tgz",
      "integrity": "sha512-N6aUJtoNwxWN0dYWso1/8CqKbtlaun7uHhJ+hTg6Y1u6I2a1KWoc8Q4Tlh9y+rbe/7gb9btDI3Ft7gEj3AFxdw=="
    }
  },
  "dependencies": {
    "hamlet": {
      "version": "0.3.3",
      "resolved": "https://registry.npmjs.org/hamlet/-/hamlet-0.3.3.tgz",
      "integrity": "sha512-N6aUJtoNwxWN0dYWso1/8CqKbtlaun7uHhJ+hTg6Y1u6I2a1KWoc8Q4Tlh9y+rbe/7gb9btDI3Ft7gEj3AFxdw=="
    }
  }
}
