{
  "name": "fibers-gadgets",
  "version": "1.0.0",
  "lockfileVersion": 2,
  "requires": true,
  "packages": {
    "": {
      "name": "fibers-gadgets",
      "version": "1.0.0",
      "license": "MIT",
      "dependencies": {
        "fibers": "^5.0.3"
      }
    },
    "node_modules/detect-libc": {
      "version": "1.0.3",
      "resolved": "https://registry.npmjs.org/detect-libc/-/detect-libc-1.0.3.tgz",
      "integrity": "sha512-pGjwhsmsp4kL2RTz08wcOlGN83otlqHeD/Z5T8GXZB+/YcpQ/dgo+lbU8ZsGxV0HIvqqxo9l7mqYwyYMD9bKDg==",
      "bin": {
        "detect-libc": "bin/detect-libc.js"
      },
      "engines": {
        "node": ">=0.10"
      }
    },
    "node_modules/fibers": {
      "version": "5.0.3",
      "resolved": "https://registry.npmjs.org/fibers/-/fibers-5.0.3.tgz",
      "integrity": "sha512-/qYTSoZydQkM21qZpGLDLuCq8c+B8KhuCQ1kLPvnRNhxhVbvrpmH9l2+Lblf5neDuEsY4bfT7LeO553TXQDvJw==",
      "hasInstallScript": true,
      "dependencies": {
        "detect-libc": "^1.0.3"
      },
      "engines": {
        "node": ">=10.0.0"
      }
    }
  },
  "dependencies": {
    "detect-libc": {
      "version": "1.0.3",
      "resolved": "https://registry.npmjs.org/detect-libc/-/detect-libc-1.0.3.tgz",
      "integrity": "sha512-pGjwhsmsp4kL2RTz08wcOlGN83otlqHeD/Z5T8GXZB+/YcpQ/dgo+lbU8ZsGxV0HIvqqxo9l7mqYwyYMD9bKDg=="
    },
    "fibers": {
      "version": "5.0.3",
      "resolved": "https://registry.npmjs.org/fibers/-/fibers-5.0.3.tgz",
      "integrity": "sha512-/qYTSoZydQkM21qZpGLDLuCq8c+B8KhuCQ1kLPvnRNhxhVbvrpmH9l2+Lblf5neDuEsY4bfT7LeO553TXQDvJw==",
      "requires": {
        "detect-libc": "^1.0.3"
      }
    }
  }
}
