{
  "name": "workerpool-gadgets",
  "version": "1.0.0",
  "lockfileVersion": 2,
  "requires": true,
  "packages": {
    "": {
      "name": "workerpool-gadgets",
      "version": "1.0.0",
      "license": "MIT",
      "dependencies": {
        "workerpool": "^6.4.0"
      }
    },
    "node_modules/workerpool": {
      "version": "6.4.0",
      "resolved": "https://registry.npmjs.org/workerpool/-/workerpool-6.4.0.tgz",
      "integrity": "sha512-i3KR1mQMNwY2wx20ozq2EjISGtQWDIfV56We+yGJ5yDs8jTwQiLLaqHlkBHITlCuJnYlVRmXegxFxZg7gqI++A=="
    }
  },
  "dependencies": {
    "workerpool": {
      "version": "6.4.0",
      "resolved": "https://registry.npmjs.org/workerpool/-/workerpool-6.4.0.tgz",
      "integrity": "sha512-i3KR1mQMNwY2wx20ozq2EjISGtQWDIfV56We+yGJ5yDs8jTwQiLLaqHlkBHITlCuJnYlVRmXegxFxZg7gqI++A=="
    }
  }
}
