{
  "name": "test",
  "version": "1.0.0",
  "lockfileVersion": 3,
  "requires": true,
  "packages": {
    "": {
      "name": "test",
      "version": "1.0.0",
      "license": "ISC",
      "dependencies": {
        "tangular": "^4.0.0"
      }
    },
    "node_modules/tangular": {
      "version": "4.0.0",
      "resolved": "https://registry.npmjs.org/tangular/-/tangular-4.0.0.tgz",
      "integrity": "sha512-O9y+S93I0jX6d+eEra8E4gTbb/BgLLdv5QFEwwlu/AO/jvSEzYK7qe2CBupB1uA4ktjm7Z/norYfiSB8q8GyzQ==",
      "engines": {
        "node": ">=0.8.0"
      }
    }
  }
}
