{
  "name": "test",
  "version": "1.0.0",
  "lockfileVersion": 3,
  "requires": true,
  "packages": {
    "": {
      "name": "test",
      "version": "1.0.0",
      "license": "ISC",
      "dependencies": {
        "mote": "^0.2.0"
      }
    },
    "node_modules/mote": {
      "version": "0.2.0",
      "resolved": "https://registry.npmjs.org/mote/-/mote-0.2.0.tgz",
      "integrity": "sha512-msjukWFDu5XaPlM8F3mu2MURZUrpSvTfcaTq3CabRFp9iLgdtbhzmcJ3X50oXImyQfUYI4YwGtrkmJ/yH/sRIA==",
      "engines": {
        "node": "*"
      }
    }
  }
}
