{
  "name": "doT@1.1.3",
  "lockfileVersion": 2,
  "requires": true,
  "packages": {
    "": {
      "dependencies": {
        "dot": "^1.0.3"
      }
    },
    "node_modules/dot": {
      "version": "1.0.3",
      "resolved": "https://registry.npmjs.org/dot/-/dot-1.0.3.tgz",
      "integrity": "sha512-b0ilWM9qrWChYO1D1cXgx6Z47nzKR3tTsiPBnhUZF02+vGj9iHXP0QhUcKIdk+VRSXeFvMqtJjAXALJBAq7R3A==",
      "engines": [
        "node >=0.2.6"
      ],
      "bin": {
        "dottojs": "bin/dot-packer"
      }
    }
  },
  "dependencies": {
    "dot": {
      "version": "1.0.3",
      "resolved": "https://registry.npmjs.org/dot/-/dot-1.0.3.tgz",
      "integrity": "sha512-b0ilWM9qrWChYO1D1cXgx6Z47nzKR3tTsiPBnhUZF02+vGj9iHXP0QhUcKIdk+VRSXeFvMqtJjAXALJBAq7R3A=="
    }
  }
}
