{
  "name": "winreg-gadgets",
  "version": "1.0.0",
  "lockfileVersion": 2,
  "requires": true,
  "packages": {
    "": {
      "name": "winreg-gadgets",
      "version": "1.0.0",
      "license": "MIT",
      "dependencies": {
        "winreg": "^1.2.4"
      }
    },
    "node_modules/winreg": {
      "version": "1.2.4",
      "resolved": "https://registry.npmjs.org/winreg/-/winreg-1.2.4.tgz",
      "integrity": "sha512-IHpzORub7kYlb8A43Iig3reOvlcBJGX9gZ0WycHhghHtA65X0LYnMRuJs+aH1abVnMJztQkvQNlltnbPi5aGIA=="
    }
  },
  "dependencies": {
    "winreg": {
      "version": "1.2.4",
      "resolved": "https://registry.npmjs.org/winreg/-/winreg-1.2.4.tgz",
      "integrity": "sha512-IHpzORub7kYlb8A43Iig3reOvlcBJGX9gZ0WycHhghHtA65X0LYnMRuJs+aH1abVnMJztQkvQNlltnbPi5aGIA=="
    }
  }
}
