{
  "name": "child-process-gadgets",
  "version": "1.0.0",
  "lockfileVersion": 2,
  "requires": true,
  "packages": {
    "": {
      "name": "child-process-gadgets",
      "version": "1.0.0",
      "license": "MIT",
      "dependencies": {
        "node-inspect": "^2.0.0"
      }
    },
    "node_modules/node-inspect": {
      "version": "2.0.0",
      "resolved": "https://registry.npmjs.org/node-inspect/-/node-inspect-2.0.0.tgz",
      "integrity": "sha512-vaDNU6Fa/vt8gv/PV+QoeSIPhcBnHMiNOtInxcojfagspQg5KP9HloUDGJWIacamT8Agiu51eF+fuBjrE25a6w==",
      "deprecated": "This module is part of Node.js core and does not need to be installed separately. It is now unmaintained.",
      "bin": {
        "node-inspect": "cli.js"
      }
    }
  },
  "dependencies": {
    "node-inspect": {
      "version": "2.0.0",
      "resolved": "https://registry.npmjs.org/node-inspect/-/node-inspect-2.0.0.tgz",
      "integrity": "sha512-vaDNU6Fa/vt8gv/PV+QoeSIPhcBnHMiNOtInxcojfagspQg5KP9HloUDGJWIacamT8Agiu51eF+fuBjrE25a6w=="
    }
  }
}
