{
  "name": "cross-port-killer-gadgets",
  "version": "1.0.0",
  "lockfileVersion": 2,
  "requires": true,
  "packages": {
    "": {
      "name": "cross-port-killer-gadgets",
      "version": "1.0.0",
      "license": "MIT",
      "dependencies": {
        "cross-port-killer": "^1.4.0"
      }
    },
    "node_modules/cross-port-killer": {
      "version": "1.4.0",
      "resolved": "https://registry.npmjs.org/cross-port-killer/-/cross-port-killer-1.4.0.tgz",
      "integrity": "sha512-ujqfftKsSeorFMVI6JP25xMBixHEaDWVK+NarRZAGnJjR5AhebRQU+g+k/Lj8OHwM6f+wrrs8u5kkCdI7RLtxQ==",
      "bin": {
        "kill-port": "source/cli.js"
      }
    }
  },
  "dependencies": {
    "cross-port-killer": {
      "version": "1.4.0",
      "resolved": "https://registry.npmjs.org/cross-port-killer/-/cross-port-killer-1.4.0.tgz",
      "integrity": "sha512-ujqfftKsSeorFMVI6JP25xMBixHEaDWVK+NarRZAGnJjR5AhebRQU+g+k/Lj8OHwM6f+wrrs8u5kkCdI7RLtxQ=="
    }
  }
}
