{
  "name": "git-clone-gadgets",
  "version": "1.0.0",
  "lockfileVersion": 2,
  "requires": true,
  "packages": {
    "": {
      "name": "git-clone-gadgets",
      "version": "1.0.0",
      "license": "MIT",
      "dependencies": {
        "git-clone": "^0.2.0"
      }
    },
    "node_modules/git-clone": {
      "version": "0.2.0",
      "resolved": "https://registry.npmjs.org/git-clone/-/git-clone-0.2.0.tgz",
      "integrity": "sha512-1UAkEPIFbyjHaddljUKvPhhLRnrKaImT71T7rdvSvWLXw95nLdhdi6Qmlx0KOWoV1qqvHGLq5lMLJEZM0JXk8A=="
    }
  },
  "dependencies": {
    "git-clone": {
      "version": "0.2.0",
      "resolved": "https://registry.npmjs.org/git-clone/-/git-clone-0.2.0.tgz",
      "integrity": "sha512-1UAkEPIFbyjHaddljUKvPhhLRnrKaImT71T7rdvSvWLXw95nLdhdi6Qmlx0KOWoV1qqvHGLq5lMLJEZM0JXk8A=="
    }
  }
}
