{
  "name": "dtrace-provider-gadgets",
  "version": "1.0.0",
  "lockfileVersion": 2,
  "requires": true,
  "packages": {
    "": {
      "name": "dtrace-provider-gadgets",
      "version": "1.0.0",
      "license": "MIT",
      "dependencies": {
        "dtrace-provider": "^0.8.5"
      }
    },
    "node_modules/dtrace-provider": {
      "version": "0.8.5",
      "resolved": "https://registry.npmjs.org/dtrace-provider/-/dtrace-provider-0.8.5.tgz",
      "integrity": "sha512-zQxnhjAIKdQKqeTEh7dspe0rlR4jqnrd9miUMPyhJZM2n0XjPcpERwJ6HWDvp7iJ4fpOpAnVnItYHQ/C+2vBBg==",
      "hasInstallScript": true,
      "dependencies": {
        "nan": "^2.3.3"
      },
      "engines": {
        "node": ">=0.10"
      }
    },
    "node_modules/nan": {
      "version": "2.17.0",
      "resolved": "https://registry.npmjs.org/nan/-/nan-2.17.0.tgz",
      "integrity": "sha512-2ZTgtl0nJsO0KQCjEpxcIr5D+Yv90plTitZt9JBfQvVJDS5seMl3FOvsh3+9CoYWXf/1l5OaZzzF6nDm4cagaQ=="
    }
  },
  "dependencies": {
    "dtrace-provider": {
      "version": "0.8.5",
      "resolved": "https://registry.npmjs.org/dtrace-provider/-/dtrace-provider-0.8.5.tgz",
      "integrity": "sha512-zQxnhjAIKdQKqeTEh7dspe0rlR4jqnrd9miUMPyhJZM2n0XjPcpERwJ6HWDvp7iJ4fpOpAnVnItYHQ/C+2vBBg==",
      "requires": {
        "nan": "^2.3.3"
      }
    },
    "nan": {
      "version": "2.17.0",
      "resolved": "https://registry.npmjs.org/nan/-/nan-2.17.0.tgz",
      "integrity": "sha512-2ZTgtl0nJsO0KQCjEpxcIr5D+Yv90plTitZt9JBfQvVJDS5seMl3FOvsh3+9CoYWXf/1l5OaZzzF6nDm4cagaQ=="
    }
  }
}
