{
  "name": "tingodb-gadgets",
  "version": "1.0.0",
  "lockfileVersion": 2,
  "requires": true,
  "packages": {
    "": {
      "name": "tingodb-gadgets",
      "version": "1.0.0",
      "license": "MIT",
      "dependencies": {
        "tingodb": "^0.6.1"
      }
    },
    "node_modules/bson": {
      "version": "1.1.6",
      "resolved": "https://registry.npmjs.org/bson/-/bson-1.1.6.tgz",
      "integrity": "sha512-EvVNVeGo4tHxwi8L6bPj3y3itEvStdwvvlojVxxbyYfoaxJ6keLgrTuKdyfEAszFK+H3olzBuafE0yoh0D1gdg==",
      "optional": true,
      "engines": {
        "node": ">=0.6.19"
      }
    },
    "node_modules/lodash": {
      "version": "4.17.21",
      "resolved": "https://registry.npmjs.org/lodash/-/lodash-4.17.21.tgz",
      "integrity": "sha512-v2kDEe57lecTulaDIuNTPy3Ry4gLGJ6Z1O3vE1krgXZNrsQ+LFTGHVxVjcXPs17LhbZVGedAJv8XZ1tvj5FvSg=="
    },
    "node_modules/safe": {
      "version": "0.4.7",
      "resolved": "https://registry.npmjs.org/safe/-/safe-0.4.7.tgz",
      "integrity": "sha512-zmEbKfM7YmdRtHj95dK8mdLNwwsYMq+JUSLwHDKC7Ikbu4COEhEPTuFPswwIj4g6acr18/uasBTBlU/YTyhKbg==",
      "engines": {
        "node": ">= v0.10.x"
      }
    },
    "node_modules/safe-buffer": {
      "version": "5.2.1",
      "resolved": "https://registry.npmjs.org/safe-buffer/-/safe-buffer-5.2.1.tgz",
      "integrity": "sha512-rp3So07KcdmmKbGvgaNxQSJr7bGVSVk5S9Eq1F+ppbRo70+YeaDxkw5Dd8NPN+GD6bjnYm2VuPuCXmpuYvmCXQ==",
      "funding": [
        {
          "type": "github",
          "url": "https://github.com/sponsors/feross"
        },
        {
          "type": "patreon",
          "url": "https://www.patreon.com/feross"
        },
        {
          "type": "consulting",
          "url": "https://feross.org/support"
        }
      ]
    },
    "node_modules/tingodb": {
      "version": "0.6.1",
      "resolved": "https://registry.npmjs.org/tingodb/-/tingodb-0.6.1.tgz",
      "integrity": "sha512-A346qszivu6fsWp9geFVox1rlFeyJ05TNv3jeguKtnSUIiVxfUKKLhk8HP1kS7nYnozyyBL+7tDJp6tzlh99Tw==",
      "dependencies": {
        "lodash": "^4.17.5",
        "safe": "^0.4.5",
        "safe-buffer": "^5.1.1"
      },
      "engines": {
        "node": ">= v0.8.x"
      },
      "optionalDependencies": {
        "bson": "^1.0.4"
      }
    }
  },
  "dependencies": {
    "bson": {
      "version": "1.1.6",
      "resolved": "https://registry.npmjs.org/bson/-/bson-1.1.6.tgz",
      "integrity": "sha512-EvVNVeGo4tHxwi8L6bPj3y3itEvStdwvvlojVxxbyYfoaxJ6keLgrTuKdyfEAszFK+H3olzBuafE0yoh0D1gdg==",
      "optional": true
    },
    "lodash": {
      "version": "4.17.21",
      "resolved": "https://registry.npmjs.org/lodash/-/lodash-4.17.21.tgz",
      "integrity": "sha512-v2kDEe57lecTulaDIuNTPy3Ry4gLGJ6Z1O3vE1krgXZNrsQ+LFTGHVxVjcXPs17LhbZVGedAJv8XZ1tvj5FvSg=="
    },
    "safe": {
      "version": "0.4.7",
      "resolved": "https://registry.npmjs.org/safe/-/safe-0.4.7.tgz",
      "integrity": "sha512-zmEbKfM7YmdRtHj95dK8mdLNwwsYMq+JUSLwHDKC7Ikbu4COEhEPTuFPswwIj4g6acr18/uasBTBlU/YTyhKbg=="
    },
    "safe-buffer": {
      "version": "5.2.1",
      "resolved": "https://registry.npmjs.org/safe-buffer/-/safe-buffer-5.2.1.tgz",
      "integrity": "sha512-rp3So07KcdmmKbGvgaNxQSJr7bGVSVk5S9Eq1F+ppbRo70+YeaDxkw5Dd8NPN+GD6bjnYm2VuPuCXmpuYvmCXQ=="
    },
    "tingodb": {
      "version": "0.6.1",
      "resolved": "https://registry.npmjs.org/tingodb/-/tingodb-0.6.1.tgz",
      "integrity": "sha512-A346qszivu6fsWp9geFVox1rlFeyJ05TNv3jeguKtnSUIiVxfUKKLhk8HP1kS7nYnozyyBL+7tDJp6tzlh99Tw==",
      "requires": {
        "bson": "^1.0.4",
        "lodash": "^4.17.5",
        "safe": "^0.4.5",
        "safe-buffer": "^5.1.1"
      }
    }
  }
}
