{
  "name": "test",
  "version": "1.0.0",
  "lockfileVersion": 3,
  "requires": true,
  "packages": {
    "": {
      "name": "test",
      "version": "1.0.0",
      "license": "ISC",
      "dependencies": {
        "saker": "^1.1.1"
      }
    },
    "node_modules/saker": {
      "version": "1.1.1",
      "resolved": "https://registry.npmjs.org/saker/-/saker-1.1.1.tgz",
      "integrity": "sha512-sytbLxI7C2UmoSqNN+hE60iPoBlRPKAHVxz9Kdc3AeqLXKltbgwLiLWWg5efId53lhQi8ulDxFIHu9bHFpYHwQ=="
    }
  }
}
