{
  "name": "hamljs",
  "lockfileVersion": 2,
  "requires": true,
  "packages": {
    "": {
      "dependencies": {
        "hamljs": "^0.6.2"
      }
    },
    "node_modules/hamljs": {
      "version": "0.6.2",
      "resolved": "https://registry.npmjs.org/hamljs/-/hamljs-0.6.2.tgz",
      "integrity": "sha512-/chXRp4WpL47I+HX1vCCdSbEXAljEG2FBMmgO7Am0bYsqgnEjreeWzUdX1onXqwZtcfgxbCg5WtEYYvuZ5muBg=="
    }
  },
  "dependencies": {
    "hamljs": {
      "version": "0.6.2",
      "resolved": "https://registry.npmjs.org/hamljs/-/hamljs-0.6.2.tgz",
      "integrity": "sha512-/chXRp4WpL47I+HX1vCCdSbEXAljEG2FBMmgO7Am0bYsqgnEjreeWzUdX1onXqwZtcfgxbCg5WtEYYvuZ5muBg=="
    }
  }
}
