{
  "name": "python-shell-gadgets",
  "version": "1.0.0",
  "lockfileVersion": 2,
  "requires": true,
  "packages": {
    "": {
      "name": "python-shell-gadgets",
      "version": "1.0.0",
      "license": "MIT",
      "dependencies": {
        "python-shell": "^5.0.0"
      }
    },
    "node_modules/python-shell": {
      "version": "5.0.0",
      "resolved": "https://registry.npmjs.org/python-shell/-/python-shell-5.0.0.tgz",
      "integrity": "sha512-RUOOOjHLhgR1MIQrCtnEqz/HJ1RMZBIN+REnpSUrfft2bXqXy69fwJASVziWExfFXsR1bCY0TznnHooNsCo0/w==",
      "engines": {
        "node": ">=0.10"
      }
    }
  },
  "dependencies": {
    "python-shell": {
      "version": "5.0.0",
      "resolved": "https://registry.npmjs.org/python-shell/-/python-shell-5.0.0.tgz",
      "integrity": "sha512-RUOOOjHLhgR1MIQrCtnEqz/HJ1RMZBIN+REnpSUrfft2bXqXy69fwJASVziWExfFXsR1bCY0TznnHooNsCo0/w=="
    }
  }
}
