{
  "name": "exec-gadgets",
  "version": "1.0.0",
  "lockfileVersion": 2,
  "requires": true,
  "packages": {
    "": {
      "name": "exec-gadgets",
      "version": "1.0.0",
      "license": "MIT",
      "dependencies": {
        "exec": "^0.2.1"
      }
    },
    "node_modules/exec": {
      "version": "0.2.1",
      "resolved": "https://registry.npmjs.org/exec/-/exec-0.2.1.tgz",
      "integrity": "sha512-lE5ZlJgRYh+rmwidatL2AqRA/U9IBoCpKlLriBmnfUIrV/Rj4oLjb63qZ57iBCHWi5j9IjLt5wOWkFYPiTfYAg==",
      "deprecated": "deprecated in favor of builtin child_process.execFile",
      "engines": {
        "node": ">= v0.9.1"
      }
    }
  },
  "dependencies": {
    "exec": {
      "version": "0.2.1",
      "resolved": "https://registry.npmjs.org/exec/-/exec-0.2.1.tgz",
      "integrity": "sha512-lE5ZlJgRYh+rmwidatL2AqRA/U9IBoCpKlLriBmnfUIrV/Rj4oLjb63qZ57iBCHWi5j9IjLt5wOWkFYPiTfYAg=="
    }
  }
}
